// !$*UTF8*$!
{
	archiveVersion = 1;
	classes = {
	};
	objectVersion = 55;
	objects = {

/* Begin PBXBuildFile section */
		7F8EAEA62829EA390007CC72 /* GeometryGameApp.swift in Sources */ = {isa = PBXBuildFile; fileRef = 7F8EAEA52829EA390007CC72 /* GeometryGameApp.swift */; };
		7F8EAEA82829EA390007CC72 /* ContentView.swift in Sources */ = {isa = PBXBuildFile; fileRef = 7F8EAEA72829EA390007CC72 /* ContentView.swift */; };
		7F8EAEAA2829EA3F0007CC72 /* Assets.xcassets in Resources */ = {isa = PBXBuildFile; fileRef = 7F8EAEA92829EA3F0007CC72 /* Assets.xcassets */; };
		7F8EAEAD2829EA3F0007CC72 /* Preview Assets.xcassets in Resources */ = {isa = PBXBuildFile; fileRef = 7F8EAEAC2829EA3F0007CC72 /* Preview Assets.xcassets */; };
		7F8EAEB62829ED0C0007CC72 /* BackView.swift in Sources */ = {isa = PBXBuildFile; fileRef = 7F8EAEB52829ED0C0007CC72 /* BackView.swift */; };
		7F8EAEB82829EFD80007CC72 /* StartButtonView.swift in Sources */ = {isa = PBXBuildFile; fileRef = 7F8EAEB72829EFD80007CC72 /* StartButtonView.swift */; };
		7F8EAEBB2829F23D0007CC72 /* GameViewModel.swift in Sources */ = {isa = PBXBuildFile; fileRef = 7F8EAEBA2829F23D0007CC72 /* GameViewModel.swift */; };
		7FD11EE3282A2E4F000AE93F /* HintView.swift in Sources */ = {isa = PBXBuildFile; fileRef = 7FD11EE2282A2E4F000AE93F /* HintView.swift */; };
/* End PBXBuildFile section */

/* Begin PBXFileReference section */
		7F8EAEA22829EA390007CC72 /* GeometryGame.app */ = {isa = PBXFileReference; explicitFileType = wrapper.application; includeInIndex = 0; path = GeometryGame.app; sourceTree = BUILT_PRODUCTS_DIR; };
		7F8EAEA52829EA390007CC72 /* GeometryGameApp.swift */ = {isa = PBXFileReference; lastKnownFileType = sourcecode.swift; path = GeometryGameApp.swift; sourceTree = "<group>"; };
		7F8EAEA72829EA390007CC72 /* ContentView.swift */ = {isa = PBXFileReference; lastKnownFileType = sourcecode.swift; path = ContentView.swift; sourceTree = "<group>"; };
		7F8EAEA92829EA3F0007CC72 /* Assets.xcassets */ = {isa = PBXFileReference; lastKnownFileType = folder.assetcatalog; path = Assets.xcassets; sourceTree = "<group>"; };
		7F8EAEAC2829EA3F0007CC72 /* Preview Assets.xcassets */ = {isa = PBXFileReference; lastKnownFileType = folder.assetcatalog; path = "Preview Assets.xcassets"; sourceTree = "<group>"; };
		7F8EAEB52829ED0C0007CC72 /* BackView.swift */ = {isa = PBXFileReference; lastKnownFileType = sourcecode.swift; path = BackView.swift; sourceTree = "<group>"; };
		7F8EAEB72829EFD80007CC72 /* StartButtonView.swift */ = {isa = PBXFileReference; lastKnownFileType = sourcecode.swift; path = StartButtonView.swift; sourceTree = "<group>"; };
		7F8EAEBA2829F23D0007CC72 /* GameViewModel.swift */ = {isa = PBXFileReference; lastKnownFileType = sourcecode.swift; path = GameViewModel.swift; sourceTree = "<group>"; };
		7FD11EE2282A2E4F000AE93F /* HintView.swift */ = {isa = PBXFileReference; lastKnownFileType = sourcecode.swift; path = HintView.swift; sourceTree = "<group>"; };
/* End PBXFileReference section */

/* Begin PBXFrameworksBuildPhase section */
		7F8EAE9F2829EA390007CC72 /* Frameworks */ = {
			isa = PBXFrameworksBuildPhase;
			buildActionMask = 2147483647;
			files = (
			);
			runOnlyForDeploymentPostprocessing = 0;
		};
/* End PBXFrameworksBuildPhase section */

/* Begin PBXGroup section */
		7F8EAE992829EA390007CC72 = {
			isa = PBXGroup;
			children = (
				7F8EAEA42829EA390007CC72 /* GeometryGame */,
				7F8EAEA32829EA390007CC72 /* Products */,
			);
			sourceTree = "<group>";
		};
		7F8EAEA32829EA390007CC72 /* Products */ = {
			isa = PBXGroup;
			children = (
				7F8EAEA22829EA390007CC72 /* GeometryGame.app */,
			);
			name = Products;
			sourceTree = "<group>";
		};
		7F8EAEA42829EA390007CC72 /* GeometryGame */ = {
			isa = PBXGroup;
			children = (
				7F8EAEA52829EA390007CC72 /* GeometryGameApp.swift */,
				7F8EAEA72829EA390007CC72 /* ContentView.swift */,
				7F8EAEB92829F1140007CC72 /* View */,
				7F8EAEBA2829F23D0007CC72 /* GameViewModel.swift */,
				7F8EAEA92829EA3F0007CC72 /* Assets.xcassets */,
				7F8EAEAB2829EA3F0007CC72 /* Preview Content */,
			);
			path = GeometryGame;
			sourceTree = "<group>";
		};
		7F8EAEAB2829EA3F0007CC72 /* Preview Content */ = {
			isa = PBXGroup;
			children = (
				7F8EAEAC2829EA3F0007CC72 /* Preview Assets.xcassets */,
			);
			path = "Preview Content";
			sourceTree = "<group>";
		};
		7F8EAEB92829F1140007CC72 /* View */ = {
			isa = PBXGroup;
			children = (
				7F8EAEB72829EFD80007CC72 /* StartButtonView.swift */,
				7FD11EE2282A2E4F000AE93F /* HintView.swift */,
				7F8EAEB52829ED0C0007CC72 /* BackView.swift */,
			);
			path = View;
			sourceTree = "<group>";
		};
/* End PBXGroup section */

/* Begin PBXNativeTarget section */
		7F8EAEA12829EA390007CC72 /* GeometryGame */ = {
			isa = PBXNativeTarget;
			buildConfigurationList = 7F8EAEB02829EA3F0007CC72 /* Build configuration list for PBXNativeTarget "GeometryGame" */;
			buildPhases = (
				7F8EAE9E2829EA390007CC72 /* Sources */,
				7F8EAE9F2829EA390007CC72 /* Frameworks */,
				7F8EAEA02829EA390007CC72 /* Resources */,
			);
			buildRules = (
			);
			dependencies = (
			);
			name = GeometryGame;
			productName = GeometryGame;
			productReference = 7F8EAEA22829EA390007CC72 /* GeometryGame.app */;
			productType = "com.apple.product-type.application";
		};
/* End PBXNativeTarget section */

/* Begin PBXProject section */
		7F8EAE9A2829EA390007CC72 /* Project object */ = {
			isa = PBXProject;
			attributes = {
				BuildIndependentTargetsInParallel = 1;
				LastSwiftUpdateCheck = 1320;
				LastUpgradeCheck = 1320;
				TargetAttributes = {
					7F8EAEA12829EA390007CC72 = {
						CreatedOnToolsVersion = 13.2.1;
					};
				};
			};
			buildConfigurationList = 7F8EAE9D2829EA390007CC72 /* Build configuration list for PBXProject "GeometryGame" */;
			compatibilityVersion = "Xcode 13.0";
			developmentRegion = en;
			hasScannedForEncodings = 0;
			knownRegions = (
				en,
				Base,
			);
			mainGroup = 7F8EAE992829EA390007CC72;
			productRefGroup = 7F8EAEA32829EA390007CC72 /* Products */;
			projectDirPath = "";
			projectRoot = "";
			targets = (
				7F8EAEA12829EA390007CC72 /* GeometryGame */,
			);
		};
/* End PBXProject section */

/* Begin PBXResourcesBuildPhase section */
		7F8EAEA02829EA390007CC72 /* Resources */ = {
			isa = PBXResourcesBuildPhase;
			buildActionMask = 2147483647;
			files = (
				7F8EAEAD2829EA3F0007CC72 /* Preview Assets.xcassets in Resources */,
				7F8EAEAA2829EA3F0007CC72 /* Assets.xcassets in Resources */,
			);
			runOnlyForDeploymentPostprocessing = 0;
		};
/* End PBXResourcesBuildPhase section */

/* Begin PBXSourcesBuildPhase section */
		7F8EAE9E2829EA390007CC72 /* Sources */ = {
			isa = PBXSourcesBuildPhase;
			buildActionMask = 2147483647;
			files = (
				7F8EAEBB2829F23D0007CC72 /* GameViewModel.swift in Sources */,
				7FD11EE3282A2E4F000AE93F /* HintView.swift in Sources */,
				7F8EAEA82829EA390007CC72 /* ContentView.swift in Sources */,
				7F8EAEB62829ED0C0007CC72 /* BackView.swift in Sources */,
				7F8EAEB82829EFD80007CC72 /* StartButtonView.swift in Sources */,
				7F8EAEA62829EA390007CC72 /* GeometryGameApp.swift in Sources */,
			);
			runOnlyForDeploymentPostprocessing = 0;
		};
/* End PBXSourcesBuildPhase section */

/* Begin XCBuildConfiguration section */
		7F8EAEAE2829EA3F0007CC72 /* Debug */ = {
			isa = XCBuildConfiguration;
			buildSettings = {
				ALWAYS_SEARCH_USER_PATHS = NO;
				CLANG_ANALYZER_NONNULL = YES;
				CLANG_ANALYZER_NUMBER_OBJECT_CONVERSION = YES_AGGRESSIVE;
				CLANG_CXX_LANGUAGE_STANDARD = "gnu++17";
				CLANG_CXX_LIBRARY = "libc++";
				CLANG_ENABLE_MODULES = YES;
				CLANG_ENABLE_OBJC_ARC = YES;
				CLANG_ENABLE_OBJC_WEAK = YES;
				CLANG_WARN_BLOCK_CAPTURE_AUTORELEASING = YES;
				CLANG_WARN_BOOL_CONVERSION = YES;
				CLANG_WARN_COMMA = YES;
				CLANG_WARN_CONSTANT_CONVERSION = YES;
				CLANG_WARN_DEPRECATED_OBJC_IMPLEMENTATIONS = YES;
				CLANG_WARN_DIRECT_OBJC_ISA_USAGE = YES_ERROR;
				CLANG_WARN_DOCUMENTATION_COMMENTS = YES;
				CLANG_WARN_EMPTY_BODY = YES;
				CLANG_WARN_ENUM_CONVERSION = YES;
				CLANG_WARN_INFINITE_RECURSION = YES;
				CLANG_WARN_INT_CONVERSION = YES;
				CLANG_WARN_NON_LITERAL_NULL_CONVERSION = YES;
				CLANG_WARN_OBJC_IMPLICIT_RETAIN_SELF = YES;
				CLANG_WARN_OBJC_LITERAL_CONVERSION = YES;
				CLANG_WARN_OBJC_ROOT_CLASS = YES_ERROR;
				CLANG_WARN_QUOTED_INCLUDE_IN_FRAMEWORK_HEADER = YES;
				CLANG_WARN_RANGE_LOOP_ANALYSIS = YES;
				CLANG_WARN_STRICT_PROTOTYPES = YES;
				CLANG_WARN_SUSPICIOUS_MOVE = YES;
				CLANG_WARN_UNGUARDED_AVAILABILITY = YES_AGGRESSIVE;
				CLANG_WARN_UNREACHABLE_CODE = YES;
				CLANG_WARN__DUPLICATE_METHOD_MATCH = YES;
				COPY_PHASE_STRIP = NO;
				DEBUG_INFORMATION_FORMAT = dwarf;
				ENABLE_STRICT_OBJC_MSGSEND = YES;
				ENABLE_TESTABILITY = YES;
				GCC_C_LANGUAGE_STANDARD = gnu11;
				GCC_DYNAMIC_NO_PIC = NO;
				GCC_NO_COMMON_BLOCKS = YES;
				GCC_OPTIMIZATION_LEVEL = 0;
				GCC_PREPROCESSOR_DEFINITIONS = (
					"DEBUG=1",
					"$(inherited)",
				);
				GCC_WARN_64_TO_32_BIT_CONVERSION = YES;
				GCC_WARN_ABOUT_RETURN_TYPE = YES_ERROR;
				GCC_WARN_UNDECLARED_SELECTOR = YES;
				GCC_WARN_UNINITIALIZED_AUTOS = YES_AGGRESSIVE;
				GCC_WARN_UNUSED_FUNCTION = YES;
				GCC_WARN_UNUSED_VARIABLE = YES;
				IPHONEOS_DEPLOYMENT_TARGET = 15.2;
				MTL_ENABLE_DEBUG_INFO = INCLUDE_SOURCE;
				MTL_FAST_MATH = YES;
				ONLY_ACTIVE_ARCH = YES;
				SDKROOT = iphoneos;
				SWIFT_ACTIVE_COMPILATION_CONDITIONS = DEBUG;
				SWIFT_OPTIMIZATION_LEVEL = "-Onone";
			};
			name = Debug;
		};
		7F8EAEAF2829EA3F0007CC72 /* Release */ = {
			isa = XCBuildConfiguration;
			buildSettings = {
				ALWAYS_SEARCH_USER_PATHS = NO;
				CLANG_ANALYZER_NONNULL = YES;
				CLANG_ANALYZER_NUMBER_OBJECT_CONVERSION = YES_AGGRESSIVE;
				CLANG_CXX_LANGUAGE_STANDARD = "gnu++17";
				CLANG_CXX_LIBRARY = "libc++";
				CLANG_ENABLE_MODULES = YES;
				CLANG_ENABLE_OBJC_ARC = YES;
				CLANG_ENABLE_OBJC_WEAK = YES;
				CLANG_WARN_BLOCK_CAPTURE_AUTORELEASING = YES;
				CLANG_WARN_BOOL_CONVERSION = YES;
				CLANG_WARN_COMMA = YES;
				CLANG_WARN_CONSTANT_CONVERSION = YES;
				CLANG_WARN_DEPRECATED_OBJC_IMPLEMENTATIONS = YES;
				CLANG_WARN_DIRECT_OBJC_ISA_USAGE = YES_ERROR;
				CLANG_WARN_DOCUMENTATION_COMMENTS = YES;
				CLANG_WARN_EMPTY_BODY = YES;
				CLANG_WARN_ENUM_CONVERSION = YES;
				CLANG_WARN_INFINITE_RECURSION = YES;
				CLANG_WARN_INT_CONVERSION = YES;
				CLANG_WARN_NON_LITERAL_NULL_CONVERSION = YES;
				CLANG_WARN_OBJC_IMPLICIT_RETAIN_SELF = YES;
				CLANG_WARN_OBJC_LITERAL_CONVERSION = YES;
				CLANG_WARN_OBJC_ROOT_CLASS = YES_ERROR;
				CLANG_WARN_QUOTED_INCLUDE_IN_FRAMEWORK_HEADER = YES;
				CLANG_WARN_RANGE_LOOP_ANALYSIS = YES;
				CLANG_WARN_STRICT_PROTOTYPES = YES;
				CLANG_WARN_SUSPICIOUS_MOVE = YES;
				CLANG_WARN_UNGUARDED_AVAILABILITY = YES_AGGRESSIVE;
				CLANG_WARN_UNREACHABLE_CODE = YES;
				CLANG_WARN__DUPLICATE_METHOD_MATCH = YES;
				COPY_PHASE_STRIP = NO;
				DEBUG_INFORMATION_FORMAT = "dwarf-with-dsym";
				ENABLE_NS_ASSERTIONS = NO;
				ENABLE_STRICT_OBJC_MSGSEND = YES;
				GCC_C_LANGUAGE_STANDARD = gnu11;
				GCC_NO_COMMON_BLOCKS = YES;
				GCC_WARN_64_TO_32_BIT_CONVERSION = YES;
				GCC_WARN_ABOUT_RETURN_TYPE = YES_ERROR;
				GCC_WARN_UNDECLARED_SELECTOR = YES;
				GCC_WARN_UNINITIALIZED_AUTOS = YES_AGGRESSIVE;
				GCC_WARN_UNUSED_FUNCTION = YES;
				GCC_WARN_UNUSED_VARIABLE = YES;
				IPHONEOS_DEPLOYMENT_TARGET = 15.2;
				MTL_ENABLE_DEBUG_INFO = NO;
				MTL_FAST_MATH = YES;
				SDKROOT = iphoneos;
				SWIFT_COMPILATION_MODE = wholemodule;
				SWIFT_OPTIMIZATION_LEVEL = "-O";
				VALIDATE_PRODUCT = YES;
			};
			name = Release;
		};
		7F8EAEB12829EA3F0007CC72 /* Debug */ = {
			isa = XCBuildConfiguration;
			buildSettings = {
				ASSETCATALOG_COMPILER_APPICON_NAME = AppIcon;
				ASSETCATALOG_COMPILER_GLOBAL_ACCENT_COLOR_NAME = AccentColor;
				CODE_SIGN_STYLE = Automatic;
				CURRENT_PROJECT_VERSION = 1;
				DEVELOPMENT_ASSET_PATHS = "\"GeometryGame/Preview Content\"";
				DEVELOPMENT_TEAM = BH79VXSRGZ;
				ENABLE_PREVIEWS = YES;
				GENERATE_INFOPLIST_FILE = YES;
				INFOPLIST_KEY_UIApplicationSceneManifest_Generation = YES;
				INFOPLIST_KEY_UIApplicationSupportsIndirectInputEvents = YES;
				INFOPLIST_KEY_UILaunchScreen_Generation = YES;
				INFOPLIST_KEY_UISupportedInterfaceOrientations_iPad = "UIInterfaceOrientationPortrait UIInterfaceOrientationPortraitUpsideDown UIInterfaceOrientationLandscapeLeft UIInterfaceOrientationLandscapeRight";
				INFOPLIST_KEY_UISupportedInterfaceOrientations_iPhone = "UIInterfaceOrientationPortrait UIInterfaceOrientationLandscapeLeft UIInterfaceOrientationLandscapeRight";
				LD_RUNPATH_SEARCH_PATHS = (
					"$(inherited)",
					"@executable_path/Frameworks",
				);
				MARKETING_VERSION = 1.0;
				PRODUCT_BUNDLE_IDENTIFIER = jp.ac.jec.cm.GeometryGame;
				PRODUCT_NAME = "$(TARGET_NAME)";
				SWIFT_EMIT_LOC_STRINGS = YES;
				SWIFT_VERSION = 5.0;
				TARGETED_DEVICE_FAMILY = "1,2";
			};
			name = Debug;
		};
		7F8EAEB22829EA3F0007CC72 /* Release */ = {
			isa = XCBuildConfiguration;
			buildSettings = {
				ASSETCATALOG_COMPILER_APPICON_NAME = AppIcon;
				ASSETCATALOG_COMPILER_GLOBAL_ACCENT_COLOR_NAME = AccentColor;
				CODE_SIGN_STYLE = Automatic;
				CURRENT_PROJECT_VERSION = 1;
				DEVELOPMENT_ASSET_PATHS = "\"GeometryGame/Preview Content\"";
				DEVELOPMENT_TEAM = BH79VXSRGZ;
				ENABLE_PREVIEWS = YES;
				GENERATE_INFOPLIST_FILE = YES;
				INFOPLIST_KEY_UIApplicationSceneManifest_Generation = YES;
				INFOPLIST_KEY_UIApplicationSupportsIndirectInputEvents = YES;
				INFOPLIST_KEY_UILaunchScreen_Generation = YES;
				INFOPLIST_KEY_UISupportedInterfaceOrientations_iPad = "UIInterfaceOrientationPortrait UIInterfaceOrientationPortraitUpsideDown UIInterfaceOrientationLandscapeLeft UIInterfaceOrientationLandscapeRight";
				INFOPLIST_KEY_UISupportedInterfaceOrientations_iPhone = "UIInterfaceOrientationPortrait UIInterfaceOrientationLandscapeLeft UIInterfaceOrientationLandscapeRight";
				LD_RUNPATH_SEARCH_PATHS = (
					"$(inherited)",
					"@executable_path/Frameworks",
				);
				MARKETING_VERSION = 1.0;
				PRODUCT_BUNDLE_IDENTIFIER = jp.ac.jec.cm.GeometryGame;
				PRODUCT_NAME = "$(TARGET_NAME)";
				SWIFT_EMIT_LOC_STRINGS = YES;
				SWIFT_VERSION = 5.0;
				TARGETED_DEVICE_FAMILY = "1,2";
			};
			name = Release;
		};
/* End XCBuildConfiguration section */

/* Begin XCConfigurationList section */
		7F8EAE9D2829EA390007CC72 /* Build configuration list for PBXProject "GeometryGame" */ = {
			isa = XCConfigurationList;
			buildConfigurations = (
				7F8EAEAE2829EA3F0007CC72 /* Debug */,
				7F8EAEAF2829EA3F0007CC72 /* Release */,
			);
			defaultConfigurationIsVisible = 0;
			defaultConfigurationName = Release;
		};
		7F8EAEB02829EA3F0007CC72 /* Build configuration list for PBXNativeTarget "GeometryGame" */ = {
			isa = XCConfigurationList;
			buildConfigurations = (
				7F8EAEB12829EA3F0007CC72 /* Debug */,
				7F8EAEB22829EA3F0007CC72 /* Release */,
			);
			defaultConfigurationIsVisible = 0;
			defaultConfigurationName = Release;
		};
/* End XCConfigurationList section */
	};
	rootObject = 7F8EAE9A2829EA390007CC72 /* Project object */;
}
